{
  "name": "PixelGram",
  "lockfileVersion": 2,
  "requires": true,
  "packages": {
    "": {
      "dependencies": {
        "@techiediaries/ngx-textarea-autosize": "^1.3.0"
      }
    },
    "node_modules/@techiediaries/ngx-textarea-autosize": {
      "version": "1.3.0",
      "resolved": "https://registry.npmjs.org/@techiediaries/ngx-textarea-autosize/-/ngx-textarea-autosize-1.3.0.tgz",
      "integrity": "sha512-w0yIz5U5psUGt1EHxv1efVZNzO+SIVMryb7d9h0MITl3Ue886B0lvvS3MOLMqShKm2L2zIg8La234rggyRLVrQ==",
      "dependencies": {
        "tslib": "^1.9.0"
      },
      "peerDependencies": {
        "@angular/common": ">5.0.0",
        "@angular/core": ">5.0.0"
      }
    },
    "node_modules/tslib": {
      "version": "1.14.1",
      "resolved": "https://registry.npmjs.org/tslib/-/tslib-1.14.1.tgz",
      "integrity": "sha512-Xni35NKzjgMrwevysHTCArtLDpPvye8zV/0E4EyYn43P7/7qvQwPh9BGkHewbMulVntbigmcT7rdX3BNo9wRJg=="
    }
  },
  "dependencies": {
    "@techiediaries/ngx-textarea-autosize": {
      "version": "1.3.0",
      "resolved": "https://registry.npmjs.org/@techiediaries/ngx-textarea-autosize/-/ngx-textarea-autosize-1.3.0.tgz",
      "integrity": "sha512-w0yIz5U5psUGt1EHxv1efVZNzO+SIVMryb7d9h0MITl3Ue886B0lvvS3MOLMqShKm2L2zIg8La234rggyRLVrQ==",
      "requires": {
        "tslib": "^1.9.0"
      }
    },
    "tslib": {
      "version": "1.14.1",
      "resolved": "https://registry.npmjs.org/tslib/-/tslib-1.14.1.tgz",
      "integrity": "sha512-Xni35NKzjgMrwevysHTCArtLDpPvye8zV/0E4EyYn43P7/7qvQwPh9BGkHewbMulVntbigmcT7rdX3BNo9wRJg=="
    }
  }
}
